
Microsoft Visual Studio Solution File, Format Version 12.00
# Visual Studio 15
VisualStudioVersion = 15.0.26730.12
MinimumVisualStudioVersion = 10.0.40219.1
Project("{8BC9CEB8-8B4A-11D0-8D11-00A0C91BC942}") = "Bibliotek", "Bibliotek\Bibliotek.vcxproj", "{9DAEE6FD-57D5-445B-95AF-8A677E831B20}"
EndProject
Global
	GlobalSection(SolutionConfigurationPlatforms) = preSolution
		Debug|x64 = Debug|x64
		Debug|x86 = Debug|x86
		Release|x64 = Release|x64
		Release|x86 = Release|x86
	EndGlobalSection
	GlobalSection(ProjectConfigurationPlatforms) = postSolution
		{9DAEE6FD-57D5-445B-95AF-8A677E831B20}.Debug|x64.ActiveCfg = Debug|x64
		{9DAEE6FD-57D5-445B-95AF-8A677E831B20}.Debug|x64.Build.0 = Debug|x64
		{9DAEE6FD-57D5-445B-95AF-8A677E831B20}.Debug|x86.ActiveCfg = Debug|Win32
		{9DAEE6FD-57D5-445B-95AF-8A677E831B20}.Debug|x86.Build.0 = Debug|Win32
		{9DAEE6FD-57D5-445B-95AF-8A677E831B20}.Release|x64.ActiveCfg = Release|x64
		{9DAEE6FD-57D5-445B-95AF-8A677E831B20}.Release|x64.Build.0 = Release|x64
		{9DAEE6FD-57D5-445B-95AF-8A677E831B20}.Release|x86.ActiveCfg = Release|Win32
		{9DAEE6FD-57D5-445B-95AF-8A677E831B20}.Release|x86.Build.0 = Release|Win32
	EndGlobalSection
	GlobalSection(SolutionProperties) = preSolution
		HideSolutionNode = FALSE
	EndGlobalSection
	GlobalSection(ExtensibilityGlobals) = postSolution
		SolutionGuid = {E9F223BF-1477-4BE8-AFD3-5AD54FAE3E06}
	EndGlobalSection
EndGlobal
